
Microsoft Visual Studio Solution File, Format Version 12.00
# Visual Studio Version 16
VisualStudioVersion = 16.0.31205.134
MinimumVisualStudioVersion = 10.0.40219.1
Project("{FAE04EC0-301F-11D3-BF4B-00C04F79EFBC}") = "EncryptConsole", "EncryptConsole.csproj", "{27F2BC19-CE8E-42F8-BDFA-4544A54F2CB0}"
EndProject
Project("{FAE04EC0-301F-11D3-BF4B-00C04F79EFBC}") = "EncryptConsole.Utils", "..\EncryptConsole.Utils\EncryptConsole.Utils.csproj", "{E5091718-00AF-415D-9650-C31437B7C353}"
EndProject
Global
	GlobalSection(SolutionConfigurationPlatforms) = preSolution
		Debug|Any CPU = Debug|Any CPU
		Release|Any CPU = Release|Any CPU
	EndGlobalSection
	GlobalSection(ProjectConfigurationPlatforms) = postSolution
		{27F2BC19-CE8E-42F8-BDFA-4544A54F2CB0}.Debug|Any CPU.ActiveCfg = Debug|Any CPU
		{27F2BC19-CE8E-42F8-BDFA-4544A54F2CB0}.Debug|Any CPU.Build.0 = Debug|Any CPU
		{27F2BC19-CE8E-42F8-BDFA-4544A54F2CB0}.Release|Any CPU.ActiveCfg = Release|Any CPU
		{27F2BC19-CE8E-42F8-BDFA-4544A54F2CB0}.Release|Any CPU.Build.0 = Release|Any CPU
		{E5091718-00AF-415D-9650-C31437B7C353}.Debug|Any CPU.ActiveCfg = Debug|Any CPU
		{E5091718-00AF-415D-9650-C31437B7C353}.Debug|Any CPU.Build.0 = Debug|Any CPU
		{E5091718-00AF-415D-9650-C31437B7C353}.Release|Any CPU.ActiveCfg = Release|Any CPU
		{E5091718-00AF-415D-9650-C31437B7C353}.Release|Any CPU.Build.0 = Release|Any CPU
	EndGlobalSection
	GlobalSection(SolutionProperties) = preSolution
		HideSolutionNode = FALSE
	EndGlobalSection
	GlobalSection(ExtensibilityGlobals) = postSolution
		SolutionGuid = {555EE1D5-BD25-4B05-983C-B9CD183783CB}
	EndGlobalSection
EndGlobal
